// !$*UTF8*$!
{
	archiveVersion = 1;
	classes = {
	};
	objectVersion = 50;
	objects = {

/* Begin PBXBuildFile section */
		18DBF23927614F820005808F /* AppDelegate.swift in Sources */ = {isa = PBXBuildFile; fileRef = 18DBF23827614F820005808F /* AppDelegate.swift */; };
		18DBF23B27614F820005808F /* SceneDelegate.swift in Sources */ = {isa = PBXBuildFile; fileRef = 18DBF23A27614F820005808F /* SceneDelegate.swift */; };
		18DBF23D27614F820005808F /* ViewController.swift in Sources */ = {isa = PBXBuildFile; fileRef = 18DBF23C27614F820005808F /* ViewController.swift */; };
		18DBF24027614F820005808F /* Main.storyboard in Resources */ = {isa = PBXBuildFile; fileRef = 18DBF23E27614F820005808F /* Main.storyboard */; };
		18DBF24227614F8A0005808F /* Assets.xcassets in Resources */ = {isa = PBXBuildFile; fileRef = 18DBF24127614F8A0005808F /* Assets.xcassets */; };
		18DBF24527614F8A0005808F /* LaunchScreen.storyboard in Resources */ = {isa = PBXBuildFile; fileRef = 18DBF24327614F8A0005808F /* LaunchScreen.storyboard */; };
		18DBF25027614F8A0005808F /* I_am_richTests.swift in Sources */ = {isa = PBXBuildFile; fileRef = 18DBF24F27614F8A0005808F /* I_am_richTests.swift */; };
		18DBF25B27614F8A0005808F /* I_am_richUITests.swift in Sources */ = {isa = PBXBuildFile; fileRef = 18DBF25A27614F8A0005808F /* I_am_richUITests.swift */; };
/* End PBXBuildFile section */

/* Begin PBXContainerItemProxy section */
		18DBF24C27614F8A0005808F /* PBXContainerItemProxy */ = {
			isa = PBXContainerItemProxy;
			containerPortal = 18DBF22D27614F820005808F /* Project object */;
			proxyType = 1;
			remoteGlobalIDString = 18DBF23427614F820005808F;
			remoteInfo = "I am rich";
		};
		18DBF25727614F8A0005808F /* PBXContainerItemProxy */ = {
			isa = PBXContainerItemProxy;
			containerPortal = 18DBF22D27614F820005808F /* Project object */;
			proxyType = 1;
			remoteGlobalIDString = 18DBF23427614F820005808F;
			remoteInfo = "I am rich";
		};
/* End PBXContainerItemProxy section */

/* Begin PBXFileReference section */
		18DBF23527614F820005808F /* I am rich.app */ = {isa = PBXFileReference; explicitFileType = wrapper.application; includeInIndex = 0; path = "I am rich.app"; sourceTree = BUILT_PRODUCTS_DIR; };
		18DBF23827614F820005808F /* AppDelegate.swift */ = {isa = PBXFileReference; lastKnownFileType = sourcecode.swift; path = AppDelegate.swift; sourceTree = "<group>"; };
		18DBF23A27614F820005808F /* SceneDelegate.swift */ = {isa = PBXFileReference; lastKnownFileType = sourcecode.swift; path = SceneDelegate.swift; sourceTree = "<group>"; };
		18DBF23C27614F820005808F /* ViewController.swift */ = {isa = PBXFileReference; lastKnownFileType = sourcecode.swift; path = ViewController.swift; sourceTree = "<group>"; };
		18DBF23F27614F820005808F /* Base */ = {isa = PBXFileReference; lastKnownFileType = file.storyboard; name = Base; path = Base.lproj/Main.storyboard; sourceTree = "<group>"; };
		18DBF24127614F8A0005808F /* Assets.xcassets */ = {isa = PBXFileReference; lastKnownFileType = folder.assetcatalog; path = Assets.xcassets; sourceTree = "<group>"; };
		18DBF24427614F8A0005808F /* Base */ = {isa = PBXFileReference; lastKnownFileType = file.storyboard; name = Base; path = Base.lproj/LaunchScreen.storyboard; sourceTree = "<group>"; };
		18DBF24627614F8A0005808F /* Info.plist */ = {isa = PBXFileReference; lastKnownFileType = text.plist.xml; path = Info.plist; sourceTree = "<group>"; };
		18DBF24B27614F8A0005808F /* I am richTests.xctest */ = {isa = PBXFileReference; explicitFileType = wrapper.cfbundle; includeInIndex = 0; path = "I am richTests.xctest"; sourceTree = BUILT_PRODUCTS_DIR; };
		18DBF24F27614F8A0005808F /* I_am_richTests.swift */ = {isa = PBXFileReference; lastKnownFileType = sourcecode.swift; path = I_am_richTests.swift; sourceTree = "<group>"; };
		18DBF25127614F8A0005808F /* Info.plist */ = {isa = PBXFileReference; lastKnownFileType = text.plist.xml; path = Info.plist; sourceTree = "<group>"; };
		18DBF25627614F8A0005808F /* I am richUITests.xctest */ = {isa = PBXFileReference; explicitFileType = wrapper.cfbundle; includeInIndex = 0; path = "I am richUITests.xctest"; sourceTree = BUILT_PRODUCTS_DIR; };
		18DBF25A27614F8A0005808F /* I_am_richUITests.swift */ = {isa = PBXFileReference; lastKnownFileType = sourcecode.swift; path = I_am_richUITests.swift; sourceTree = "<group>"; };
		18DBF25C27614F8A0005808F /* Info.plist */ = {isa = PBXFileReference; lastKnownFileType = text.plist.xml; path = Info.plist; sourceTree = "<group>"; };
/* End PBXFileReference section */

/* Begin PBXFrameworksBuildPhase section */
		18DBF23227614F820005808F /* Frameworks */ = {
			isa = PBXFrameworksBuildPhase;
			buildActionMask = 2147483647;
			files = (
			);
			runOnlyForDeploymentPostprocessing = 0;
		};
		18DBF24827614F8A0005808F /* Frameworks */ = {
			isa = PBXFrameworksBuildPhase;
			buildActionMask = 2147483647;
			files = (
			);
			runOnlyForDeploymentPostprocessing = 0;
		};
		18DBF25327614F8A0005808F /* Frameworks */ = {
			isa = PBXFrameworksBuildPhase;
			buildActionMask = 2147483647;
			files = (
			);
			runOnlyForDeploymentPostprocessing = 0;
		};
/* End PBXFrameworksBuildPhase section */

/* Begin PBXGroup section */
		18DBF22C27614F820005808F = {
			isa = PBXGroup;
			children = (
				18DBF23727614F820005808F /* I am rich */,
				18DBF24E27614F8A0005808F /* I am richTests */,
				18DBF25927614F8A0005808F /* I am richUITests */,
				18DBF23627614F820005808F /* Products */,
			);
			sourceTree = "<group>";
		};
		18DBF23627614F820005808F /* Products */ = {
			isa = PBXGroup;
			children = (
				18DBF23527614F820005808F /* I am rich.app */,
				18DBF24B27614F8A0005808F /* I am richTests.xctest */,
				18DBF25627614F8A0005808F /* I am richUITests.xctest */,
			);
			name = Products;
			sourceTree = "<group>";
		};
		18DBF23727614F820005808F /* I am rich */ = {
			isa = PBXGroup;
			children = (
				18DBF23827614F820005808F /* AppDelegate.swift */,
				18DBF23A27614F820005808F /* SceneDelegate.swift */,
				18DBF23C27614F820005808F /* ViewController.swift */,
				18DBF23E27614F820005808F /* Main.storyboard */,
				18DBF24127614F8A0005808F /* Assets.xcassets */,
				18DBF24327614F8A0005808F /* LaunchScreen.storyboard */,
				18DBF24627614F8A0005808F /* Info.plist */,
			);
			path = "I am rich";
			sourceTree = "<group>";
		};
		18DBF24E27614F8A0005808F /* I am richTests */ = {
			isa = PBXGroup;
			children = (
				18DBF24F27614F8A0005808F /* I_am_richTests.swift */,
				18DBF25127614F8A0005808F /* Info.plist */,
			);
			path = "I am richTests";
			sourceTree = "<group>";
		};
		18DBF25927614F8A0005808F /* I am richUITests */ = {
			isa = PBXGroup;
			children = (
				18DBF25A27614F8A0005808F /* I_am_richUITests.swift */,
				18DBF25C27614F8A0005808F /* Info.plist */,
			);
			path = "I am richUITests";
			sourceTree = "<group>";
		};
/* End PBXGroup section */

/* Begin PBXNativeTarget section */
		18DBF23427614F820005808F /* I am rich */ = {
			isa = PBXNativeTarget;
			buildConfigurationList = 18DBF25F27614F8A0005808F /* Build configuration list for PBXNativeTarget "I am rich" */;
			buildPhases = (
				18DBF23127614F820005808F /* Sources */,
				18DBF23227614F820005808F /* Frameworks */,
				18DBF23327614F820005808F /* Resources */,
			);
			buildRules = (
			);
			dependencies = (
			);
			name = "I am rich";
			productName = "I am rich";
			productReference = 18DBF23527614F820005808F /* I am rich.app */;
			productType = "com.apple.product-type.application";
		};
		18DBF24A27614F8A0005808F /* I am richTests */ = {
			isa = PBXNativeTarget;
			buildConfigurationList = 18DBF26227614F8A0005808F /* Build configuration list for PBXNativeTarget "I am richTests" */;
			buildPhases = (
				18DBF24727614F8A0005808F /* Sources */,
				18DBF24827614F8A0005808F /* Frameworks */,
				18DBF24927614F8A0005808F /* Resources */,
			);
			buildRules = (
			);
			dependencies = (
				18DBF24D27614F8A0005808F /* PBXTargetDependency */,
			);
			name = "I am richTests";
			productName = "I am richTests";
			productReference = 18DBF24B27614F8A0005808F /* I am richTests.xctest */;
			productType = "com.apple.product-type.bundle.unit-test";
		};
		18DBF25527614F8A0005808F /* I am richUITests */ = {
			isa = PBXNativeTarget;
			buildConfigurationList = 18DBF26527614F8A0005808F /* Build configuration list for PBXNativeTarget "I am richUITests" */;
			buildPhases = (
				18DBF25227614F8A0005808F /* Sources */,
				18DBF25327614F8A0005808F /* Frameworks */,
				18DBF25427614F8A0005808F /* Resources */,
			);
			buildRules = (
			);
			dependencies = (
				18DBF25827614F8A0005808F /* PBXTargetDependency */,
			);
			name = "I am richUITests";
			productName = "I am richUITests";
			productReference = 18DBF25627614F8A0005808F /* I am richUITests.xctest */;
			productType = "com.apple.product-type.bundle.ui-testing";
		};
/* End PBXNativeTarget section */

/* Begin PBXProject section */
		18DBF22D27614F820005808F /* Project object */ = {
			isa = PBXProject;
			attributes = {
				LastSwiftUpdateCheck = 1150;
				LastUpgradeCheck = 1150;
				ORGANIZATIONNAME = "Kam Hayes";
				TargetAttributes = {
					18DBF23427614F820005808F = {
						CreatedOnToolsVersion = 11.5;
					};
					18DBF24A27614F8A0005808F = {
						CreatedOnToolsVersion = 11.5;
						TestTargetID = 18DBF23427614F820005808F;
					};
					18DBF25527614F8A0005808F = {
						CreatedOnToolsVersion = 11.5;
						TestTargetID = 18DBF23427614F820005808F;
					};
				};
			};
			buildConfigurationList = 18DBF23027614F820005808F /* Build configuration list for PBXProject "I am rich" */;
			compatibilityVersion = "Xcode 9.3";
			developmentRegion = en;
			hasScannedForEncodings = 0;
			knownRegions = (
				en,
				Base,
			);
			mainGroup = 18DBF22C27614F820005808F;
			productRefGroup = 18DBF23627614F820005808F /* Products */;
			projectDirPath = "";
			projectRoot = "";
			targets = (
				18DBF23427614F820005808F /* I am rich */,
				18DBF24A27614F8A0005808F /* I am richTests */,
				18DBF25527614F8A0005808F /* I am richUITests */,
			);
		};
/* End PBXProject section */

/* Begin PBXResourcesBuildPhase section */
		18DBF23327614F820005808F /* Resources */ = {
			isa = PBXResourcesBuildPhase;
			buildActionMask = 2147483647;
			files = (
				18DBF24527614F8A0005808F /* LaunchScreen.storyboard in Resources */,
				18DBF24227614F8A0005808F /* Assets.xcassets in Resources */,
				18DBF24027614F820005808F /* Main.storyboard in Resources */,
			);
			runOnlyForDeploymentPostprocessing = 0;
		};
		18DBF24927614F8A0005808F /* Resources */ = {
			isa = PBXResourcesBuildPhase;
			buildActionMask = 2147483647;
			files = (
			);
			runOnlyForDeploymentPostprocessing = 0;
		};
		18DBF25427614F8A0005808F /* Resources */ = {
			isa = PBXResourcesBuildPhase;
			buildActionMask = 2147483647;
			files = (
			);
			runOnlyForDeploymentPostprocessing = 0;
		};
/* End PBXResourcesBuildPhase section */

/* Begin PBXSourcesBuildPhase section */
		18DBF23127614F820005808F /* Sources */ = {
			isa = PBXSourcesBuildPhase;
			buildActionMask = 2147483647;
			files = (
				18DBF23D27614F820005808F /* ViewController.swift in Sources */,
				18DBF23927614F820005808F /* AppDelegate.swift in Sources */,
				18DBF23B27614F820005808F /* SceneDelegate.swift in Sources */,
			);
			runOnlyForDeploymentPostprocessing = 0;
		};
		18DBF24727614F8A0005808F /* Sources */ = {
			isa = PBXSourcesBuildPhase;
			buildActionMask = 2147483647;
			files = (
				18DBF25027614F8A0005808F /* I_am_richTests.swift in Sources */,
			);
			runOnlyForDeploymentPostprocessing = 0;
		};
		18DBF25227614F8A0005808F /* Sources */ = {
			isa = PBXSourcesBuildPhase;
			buildActionMask = 2147483647;
			files = (
				18DBF25B27614F8A0005808F /* I_am_richUITests.swift in Sources */,
			);
			runOnlyForDeploymentPostprocessing = 0;
		};
/* End PBXSourcesBuildPhase section */

/* Begin PBXTargetDependency section */
		18DBF24D27614F8A0005808F /* PBXTargetDependency */ = {
			isa = PBXTargetDependency;
			target = 18DBF23427614F820005808F /* I am rich */;
			targetProxy = 18DBF24C27614F8A0005808F /* PBXContainerItemProxy */;
		};
		18DBF25827614F8A0005808F /* PBXTargetDependency */ = {
			isa = PBXTargetDependency;
			target = 18DBF23427614F820005808F /* I am rich */;
			targetProxy = 18DBF25727614F8A0005808F /* PBXContainerItemProxy */;
		};
/* End PBXTargetDependency section */

/* Begin PBXVariantGroup section */
		18DBF23E27614F820005808F /* Main.storyboard */ = {
			isa = PBXVariantGroup;
			children = (
				18DBF23F27614F820005808F /* Base */,
			);
			name = Main.storyboard;
			sourceTree = "<group>";
		};
		18DBF24327614F8A0005808F /* LaunchScreen.storyboard */ = {
			isa = PBXVariantGroup;
			children = (
				18DBF24427614F8A0005808F /* Base */,
			);
			name = LaunchScreen.storyboard;
			sourceTree = "<group>";
		};
/* End PBXVariantGroup section */

/* Begin XCBuildConfiguration section */
		18DBF25D27614F8A0005808F /* Debug */ = {
			isa = XCBuildConfiguration;
			buildSettings = {
				ALWAYS_SEARCH_USER_PATHS = NO;
				CLANG_ANALYZER_NONNULL = YES;
				CLANG_ANALYZER_NUMBER_OBJECT_CONVERSION = YES_AGGRESSIVE;
				CLANG_CXX_LANGUAGE_STANDARD = "gnu++14";
				CLANG_CXX_LIBRARY = "libc++";
				CLANG_ENABLE_MODULES = YES;
				CLANG_ENABLE_OBJC_ARC = YES;
				CLANG_ENABLE_OBJC_WEAK = YES;
				CLANG_WARN_BLOCK_CAPTURE_AUTORELEASING = YES;
				CLANG_WARN_BOOL_CONVERSION = YES;
				CLANG_WARN_COMMA = YES;
				CLANG_WARN_CONSTANT_CONVERSION = YES;
				CLANG_WARN_DEPRECATED_OBJC_IMPLEMENTATIONS = YES;
				CLANG_WARN_DIRECT_OBJC_ISA_USAGE = YES_ERROR;
				CLANG_WARN_DOCUMENTATION_COMMENTS = YES;
				CLANG_WARN_EMPTY_BODY = YES;
				CLANG_WARN_ENUM_CONVERSION = YES;
				CLANG_WARN_INFINITE_RECURSION = YES;
				CLANG_WARN_INT_CONVERSION = YES;
				CLANG_WARN_NON_LITERAL_NULL_CONVERSION = YES;
				CLANG_WARN_OBJC_IMPLICIT_RETAIN_SELF = YES;
				CLANG_WARN_OBJC_LITERAL_CONVERSION = YES;
				CLANG_WARN_OBJC_ROOT_CLASS = YES_ERROR;
				CLANG_WARN_RANGE_LOOP_ANALYSIS = YES;
				CLANG_WARN_STRICT_PROTOTYPES = YES;
				CLANG_WARN_SUSPICIOUS_MOVE = YES;
				CLANG_WARN_UNGUARDED_AVAILABILITY = YES_AGGRESSIVE;
				CLANG_WARN_UNREACHABLE_CODE = YES;
				CLANG_WARN__DUPLICATE_METHOD_MATCH = YES;
				COPY_PHASE_STRIP = NO;
				DEBUG_INFORMATION_FORMAT = dwarf;
				ENABLE_STRICT_OBJC_MSGSEND = YES;
				ENABLE_TESTABILITY = YES;
				GCC_C_LANGUAGE_STANDARD = gnu11;
				GCC_DYNAMIC_NO_PIC = NO;
				GCC_NO_COMMON_BLOCKS = YES;
				GCC_OPTIMIZATION_LEVEL = 0;
				GCC_PREPROCESSOR_DEFINITIONS = (
					"DEBUG=1",
					"$(inherited)",
				);
				GCC_WARN_64_TO_32_BIT_CONVERSION = YES;
				GCC_WARN_ABOUT_RETURN_TYPE = YES_ERROR;
				GCC_WARN_UNDECLARED_SELECTOR = YES;
				GCC_WARN_UNINITIALIZED_AUTOS = YES_AGGRESSIVE;
				GCC_WARN_UNUSED_FUNCTION = YES;
				GCC_WARN_UNUSED_VARIABLE = YES;
				IPHONEOS_DEPLOYMENT_TARGET = 13.5;
				MTL_ENABLE_DEBUG_INFO = INCLUDE_SOURCE;
				MTL_FAST_MATH = YES;
				ONLY_ACTIVE_ARCH = YES;
				SDKROOT = iphoneos;
				SWIFT_ACTIVE_COMPILATION_CONDITIONS = DEBUG;
				SWIFT_OPTIMIZATION_LEVEL = "-Onone";
			};
			name = Debug;
		};
		18DBF25E27614F8A0005808F /* Release */ = {
			isa = XCBuildConfiguration;
			buildSettings = {
				ALWAYS_SEARCH_USER_PATHS = NO;
				CLANG_ANALYZER_NONNULL = YES;
				CLANG_ANALYZER_NUMBER_OBJECT_CONVERSION = YES_AGGRESSIVE;
				CLANG_CXX_LANGUAGE_STANDARD = "gnu++14";
				CLANG_CXX_LIBRARY = "libc++";
				CLANG_ENABLE_MODULES = YES;
				CLANG_ENABLE_OBJC_ARC = YES;
				CLANG_ENABLE_OBJC_WEAK = YES;
				CLANG_WARN_BLOCK_CAPTURE_AUTORELEASING = YES;
				CLANG_WARN_BOOL_CONVERSION = YES;
				CLANG_WARN_COMMA = YES;
				CLANG_WARN_CONSTANT_CONVERSION = YES;
				CLANG_WARN_DEPRECATED_OBJC_IMPLEMENTATIONS = YES;
				CLANG_WARN_DIRECT_OBJC_ISA_USAGE = YES_ERROR;
				CLANG_WARN_DOCUMENTATION_COMMENTS = YES;
				CLANG_WARN_EMPTY_BODY = YES;
				CLANG_WARN_ENUM_CONVERSION = YES;
				CLANG_WARN_INFINITE_RECURSION = YES;
				CLANG_WARN_INT_CONVERSION = YES;
				CLANG_WARN_NON_LITERAL_NULL_CONVERSION = YES;
				CLANG_WARN_OBJC_IMPLICIT_RETAIN_SELF = YES;
				CLANG_WARN_OBJC_LITERAL_CONVERSION = YES;
				CLANG_WARN_OBJC_ROOT_CLASS = YES_ERROR;
				CLANG_WARN_RANGE_LOOP_ANALYSIS = YES;
				CLANG_WARN_STRICT_PROTOTYPES = YES;
				CLANG_WARN_SUSPICIOUS_MOVE = YES;
				CLANG_WARN_UNGUARDED_AVAILABILITY = YES_AGGRESSIVE;
				CLANG_WARN_UNREACHABLE_CODE = YES;
				CLANG_WARN__DUPLICATE_METHOD_MATCH = YES;
				COPY_PHASE_STRIP = NO;
				DEBUG_INFORMATION_FORMAT = "dwarf-with-dsym";
				ENABLE_NS_ASSERTIONS = NO;
				ENABLE_STRICT_OBJC_MSGSEND = YES;
				GCC_C_LANGUAGE_STANDARD = gnu11;
				GCC_NO_COMMON_BLOCKS = YES;
				GCC_WARN_64_TO_32_BIT_CONVERSION = YES;
				GCC_WARN_ABOUT_RETURN_TYPE = YES_ERROR;
				GCC_WARN_UNDECLARED_SELECTOR = YES;
				GCC_WARN_UNINITIALIZED_AUTOS = YES_AGGRESSIVE;
				GCC_WARN_UNUSED_FUNCTION = YES;
				GCC_WARN_UNUSED_VARIABLE = YES;
				IPHONEOS_DEPLOYMENT_TARGET = 13.5;
				MTL_ENABLE_DEBUG_INFO = NO;
				MTL_FAST_MATH = YES;
				SDKROOT = iphoneos;
				SWIFT_COMPILATION_MODE = wholemodule;
				SWIFT_OPTIMIZATION_LEVEL = "-O";
				VALIDATE_PRODUCT = YES;
			};
			name = Release;
		};
		18DBF26027614F8A0005808F /* Debug */ = {
			isa = XCBuildConfiguration;
			buildSettings = {
				ASSETCATALOG_COMPILER_APPICON_NAME = AppIcon;
				CODE_SIGN_STYLE = Automatic;
				INFOPLIST_FILE = "I am rich/Info.plist";
				LD_RUNPATH_SEARCH_PATHS = (
					"$(inherited)",
					"@executable_path/Frameworks",
				);
				PRODUCT_BUNDLE_IDENTIFIER = "com.kamhaze.I-am-rich";
				PRODUCT_NAME = "$(TARGET_NAME)";
				SWIFT_VERSION = 5.0;
				TARGETED_DEVICE_FAMILY = "1,2";
			};
			name = Debug;
		};
		18DBF26127614F8A0005808F /* Release */ = {
			isa = XCBuildConfiguration;
			buildSettings = {
				ASSETCATALOG_COMPILER_APPICON_NAME = AppIcon;
				CODE_SIGN_STYLE = Automatic;
				INFOPLIST_FILE = "I am rich/Info.plist";
				LD_RUNPATH_SEARCH_PATHS = (
					"$(inherited)",
					"@executable_path/Frameworks",
				);
				PRODUCT_BUNDLE_IDENTIFIER = "com.kamhaze.I-am-rich";
				PRODUCT_NAME = "$(TARGET_NAME)";
				SWIFT_VERSION = 5.0;
				TARGETED_DEVICE_FAMILY = "1,2";
			};
			name = Release;
		};
		18DBF26327614F8A0005808F /* Debug */ = {
			isa = XCBuildConfiguration;
			buildSettings = {
				ALWAYS_EMBED_SWIFT_STANDARD_LIBRARIES = YES;
				BUNDLE_LOADER = "$(TEST_HOST)";
				CODE_SIGN_STYLE = Automatic;
				INFOPLIST_FILE = "I am richTests/Info.plist";
				IPHONEOS_DEPLOYMENT_TARGET = 13.5;
				LD_RUNPATH_SEARCH_PATHS = (
					"$(inherited)",
					"@executable_path/Frameworks",
					"@loader_path/Frameworks",
				);
				PRODUCT_BUNDLE_IDENTIFIER = "com.kamhaze.I-am-richTests";
				PRODUCT_NAME = "$(TARGET_NAME)";
				SWIFT_VERSION = 5.0;
				TARGETED_DEVICE_FAMILY = "1,2";
				TEST_HOST = "$(BUILT_PRODUCTS_DIR)/I am rich.app/I am rich";
			};
			name = Debug;
		};
		18DBF26427614F8A0005808F /* Release */ = {
			isa = XCBuildConfiguration;
			buildSettings = {
				ALWAYS_EMBED_SWIFT_STANDARD_LIBRARIES = YES;
				BUNDLE_LOADER = "$(TEST_HOST)";
				CODE_SIGN_STYLE = Automatic;
				INFOPLIST_FILE = "I am richTests/Info.plist";
				IPHONEOS_DEPLOYMENT_TARGET = 13.5;
				LD_RUNPATH_SEARCH_PATHS = (
					"$(inherited)",
					"@executable_path/Frameworks",
					"@loader_path/Frameworks",
				);
				PRODUCT_BUNDLE_IDENTIFIER = "com.kamhaze.I-am-richTests";
				PRODUCT_NAME = "$(TARGET_NAME)";
				SWIFT_VERSION = 5.0;
				TARGETED_DEVICE_FAMILY = "1,2";
				TEST_HOST = "$(BUILT_PRODUCTS_DIR)/I am rich.app/I am rich";
			};
			name = Release;
		};
		18DBF26627614F8A0005808F /* Debug */ = {
			isa = XCBuildConfiguration;
			buildSettings = {
				ALWAYS_EMBED_SWIFT_STANDARD_LIBRARIES = YES;
				CODE_SIGN_STYLE = Automatic;
				INFOPLIST_FILE = "I am richUITests/Info.plist";
				LD_RUNPATH_SEARCH_PATHS = (
					"$(inherited)",
					"@executable_path/Frameworks",
					"@loader_path/Frameworks",
				);
				PRODUCT_BUNDLE_IDENTIFIER = "com.kamhaze.I-am-richUITests";
				PRODUCT_NAME = "$(TARGET_NAME)";
				SWIFT_VERSION = 5.0;
				TARGETED_DEVICE_FAMILY = "1,2";
				TEST_TARGET_NAME = "I am rich";
			};
			name = Debug;
		};
		18DBF26727614F8A0005808F /* Release */ = {
			isa = XCBuildConfiguration;
			buildSettings = {
				ALWAYS_EMBED_SWIFT_STANDARD_LIBRARIES = YES;
				CODE_SIGN_STYLE = Automatic;
				INFOPLIST_FILE = "I am richUITests/Info.plist";
				LD_RUNPATH_SEARCH_PATHS = (
					"$(inherited)",
					"@executable_path/Frameworks",
					"@loader_path/Frameworks",
				);
				PRODUCT_BUNDLE_IDENTIFIER = "com.kamhaze.I-am-richUITests";
				PRODUCT_NAME = "$(TARGET_NAME)";
				SWIFT_VERSION = 5.0;
				TARGETED_DEVICE_FAMILY = "1,2";
				TEST_TARGET_NAME = "I am rich";
			};
			name = Release;
		};
/* End XCBuildConfiguration section */

/* Begin XCConfigurationList section */
		18DBF23027614F820005808F /* Build configuration list for PBXProject "I am rich" */ = {
			isa = XCConfigurationList;
			buildConfigurations = (
				18DBF25D27614F8A0005808F /* Debug */,
				18DBF25E27614F8A0005808F /* Release */,
			);
			defaultConfigurationIsVisible = 0;
			defaultConfigurationName = Release;
		};
		18DBF25F27614F8A0005808F /* Build configuration list for PBXNativeTarget "I am rich" */ = {
			isa = XCConfigurationList;
			buildConfigurations = (
				18DBF26027614F8A0005808F /* Debug */,
				18DBF26127614F8A0005808F /* Release */,
			);
			defaultConfigurationIsVisible = 0;
			defaultConfigurationName = Release;
		};
		18DBF26227614F8A0005808F /* Build configuration list for PBXNativeTarget "I am richTests" */ = {
			isa = XCConfigurationList;
			buildConfigurations = (
				18DBF26327614F8A0005808F /* Debug */,
				18DBF26427614F8A0005808F /* Release */,
			);
			defaultConfigurationIsVisible = 0;
			defaultConfigurationName = Release;
		};
		18DBF26527614F8A0005808F /* Build configuration list for PBXNativeTarget "I am richUITests" */ = {
			isa = XCConfigurationList;
			buildConfigurations = (
				18DBF26627614F8A0005808F /* Debug */,
				18DBF26727614F8A0005808F /* Release */,
			);
			defaultConfigurationIsVisible = 0;
			defaultConfigurationName = Release;
		};
/* End XCConfigurationList section */
	};
	rootObject = 18DBF22D27614F820005808F /* Project object */;
}
